
Microsoft Visual Studio Solution File, Format Version 12.00
# Visual Studio 15
VisualStudioVersion = 15.0.26730.8
MinimumVisualStudioVersion = 10.0.40219.1
Project("{FAE04EC0-301F-11D3-BF4B-00C04F79EFBC}") = "Saule", "Saule\Saule.csproj", "{AD43EDE3-88C9-47EE-BAE1-C14C80F1ACE4}"
EndProject
Project("{FAE04EC0-301F-11D3-BF4B-00C04F79EFBC}") = "Tests", "Tests\Tests.csproj", "{BF3A993B-0AAC-419B-904C-E5B93E1C916D}"
EndProject
Project("{2150E333-8FDC-42A3-9474-1A3956D46DE8}") = "Solution Items", "Solution Items", "{9D2F8CA1-79B8-4492-907E-5BCF88429168}"
	ProjectSection(SolutionItems) = preProject
		.gitignore = .gitignore
		CHANGELOG.md = CHANGELOG.md
		LICENSE = LICENSE
		README.md = README.md
		StyleCop.Analyzers.ruleset = StyleCop.Analyzers.ruleset
	EndProjectSection
EndProject
Project("{FAE04EC0-301F-11D3-BF4B-00C04F79EFBC}") = "Saule.NetCore", "Saule.NetCore\Saule.NetCore.csproj", "{D0AB5F96-6FB2-4C16-B72B-848AC1F3476D}"
EndProject
Global
	GlobalSection(SolutionConfigurationPlatforms) = preSolution
		Debug|Any CPU = Debug|Any CPU
		Release|Any CPU = Release|Any CPU
	EndGlobalSection
	GlobalSection(ProjectConfigurationPlatforms) = postSolution
		{AD43EDE3-88C9-47EE-BAE1-C14C80F1ACE4}.Debug|Any CPU.ActiveCfg = Debug|Any CPU
		{AD43EDE3-88C9-47EE-BAE1-C14C80F1ACE4}.Debug|Any CPU.Build.0 = Debug|Any CPU
		{AD43EDE3-88C9-47EE-BAE1-C14C80F1ACE4}.Release|Any CPU.ActiveCfg = Release|Any CPU
		{AD43EDE3-88C9-47EE-BAE1-C14C80F1ACE4}.Release|Any CPU.Build.0 = Release|Any CPU
		{BF3A993B-0AAC-419B-904C-E5B93E1C916D}.Debug|Any CPU.ActiveCfg = Debug|Any CPU
		{BF3A993B-0AAC-419B-904C-E5B93E1C916D}.Debug|Any CPU.Build.0 = Debug|Any CPU
		{BF3A993B-0AAC-419B-904C-E5B93E1C916D}.Release|Any CPU.ActiveCfg = Release|Any CPU
		{BF3A993B-0AAC-419B-904C-E5B93E1C916D}.Release|Any CPU.Build.0 = Release|Any CPU
		{D0AB5F96-6FB2-4C16-B72B-848AC1F3476D}.Debug|Any CPU.ActiveCfg = Debug|Any CPU
		{D0AB5F96-6FB2-4C16-B72B-848AC1F3476D}.Debug|Any CPU.Build.0 = Debug|Any CPU
		{D0AB5F96-6FB2-4C16-B72B-848AC1F3476D}.Release|Any CPU.ActiveCfg = Release|Any CPU
		{D0AB5F96-6FB2-4C16-B72B-848AC1F3476D}.Release|Any CPU.Build.0 = Release|Any CPU
	EndGlobalSection
	GlobalSection(SolutionProperties) = preSolution
		HideSolutionNode = FALSE
	EndGlobalSection
	GlobalSection(ExtensibilityGlobals) = postSolution
		SolutionGuid = {A66641EB-DDDE-4863-A9E3-CCF85B41E13A}
	EndGlobalSection
EndGlobal
